
Microsoft Visual Studio Solution File, Format Version 12.00
# Visual Studio Version 17
VisualStudioVersion = 17.14.37111.16 d17.14
MinimumVisualStudioVersion = 10.0.40219.1
Project("{FAE04EC0-301F-11D3-BF4B-00C04F79EFBC}") = "TaskManagement", "TaskManagement\TaskManagement.csproj", "{373AE673-1742-4987-A70E-3841783F4F8F}"
EndProject
Global
	GlobalSection(SolutionConfigurationPlatforms) = preSolution
		Debug|Any CPU = Debug|Any CPU
		Release|Any CPU = Release|Any CPU
	EndGlobalSection
	GlobalSection(ProjectConfigurationPlatforms) = postSolution
		{373AE673-1742-4987-A70E-3841783F4F8F}.Debug|Any CPU.ActiveCfg = Debug|Any CPU
		{373AE673-1742-4987-A70E-3841783F4F8F}.Debug|Any CPU.Build.0 = Debug|Any CPU
		{373AE673-1742-4987-A70E-3841783F4F8F}.Release|Any CPU.ActiveCfg = Release|Any CPU
		{373AE673-1742-4987-A70E-3841783F4F8F}.Release|Any CPU.Build.0 = Release|Any CPU
	EndGlobalSection
	GlobalSection(SolutionProperties) = preSolution
		HideSolutionNode = FALSE
	EndGlobalSection
	GlobalSection(ExtensibilityGlobals) = postSolution
		SolutionGuid = {65FC4138-A847-4A27-8EC4-80688A57B611}
	EndGlobalSection
EndGlobal
